// !$*UTF8*$!
{
	archiveVersion = 1;
	classes = {
	};
	objectVersion = 77;
	objects = {

/* Begin PBXBuildFile section */
		8057283C2EB8C744003C0691 /* Porcupine in Frameworks */ = {isa = PBXBuildFile; productRef = 8057283B2EB8C744003C0691 /* Porcupine */; };
		80A5915D2E66C9DC004BBBE0 /* CocoaMQTT in Frameworks */ = {isa = PBXBuildFile; productRef = 80A5915C2E66C9DC004BBBE0 /* CocoaMQTT */; };
		80A5915F2E66C9DC004BBBE0 /* CocoaMQTTWebSocket in Frameworks */ = {isa = PBXBuildFile; productRef = 80A5915E2E66C9DC004BBBE0 /* CocoaMQTTWebSocket */; };
		80A591682E66D511004BBBE0 /* Starscream in Frameworks */ = {isa = PBXBuildFile; productRef = 80A591672E66D511004BBBE0 /* Starscream */; };
/* End PBXBuildFile section */

/* Begin PBXContainerItemProxy section */
		AC83EF312F9E849E004F788B /* PBXContainerItemProxy */ = {
			isa = PBXContainerItemProxy;
			containerPortal = 802DF9A72E6391500079EC75 /* Project object */;
			proxyType = 1;
			remoteGlobalIDString = 802DF9AE2E6391500079EC75;
			remoteInfo = UltraKiosk;
		};
/* End PBXContainerItemProxy section */

/* Begin PBXFileReference section */
		802DF9AF2E6391500079EC75 /* UltraKiosk.app */ = {isa = PBXFileReference; explicitFileType = wrapper.application; includeInIndex = 0; path = UltraKiosk.app; sourceTree = BUILT_PRODUCTS_DIR; };
		AC83EF2D2F9E849E004F788B /* UltraKioskTests.xctest */ = {isa = PBXFileReference; explicitFileType = wrapper.cfbundle; includeInIndex = 0; path = UltraKioskTests.xctest; sourceTree = BUILT_PRODUCTS_DIR; };
/* End PBXFileReference section */

/* Begin PBXFileSystemSynchronizedBuildFileExceptionSet section */
		807F9C732E639DF3002EE0C1 /* Exceptions for "UltraKiosk" folder in "UltraKiosk" target */ = {
			isa = PBXFileSystemSynchronizedBuildFileExceptionSet;
			membershipExceptions = (
				Info.plist,
			);
			target = 802DF9AE2E6391500079EC75 /* UltraKiosk */;
		};
/* End PBXFileSystemSynchronizedBuildFileExceptionSet section */

/* Begin PBXFileSystemSynchronizedRootGroup section */
		802DF9B12E6391500079EC75 /* UltraKiosk */ = {
			isa = PBXFileSystemSynchronizedRootGroup;
			exceptions = (
				807F9C732E639DF3002EE0C1 /* Exceptions for "UltraKiosk" folder in "UltraKiosk" target */,
			);
			path = UltraKiosk;
			sourceTree = "<group>";
		};
		AC83EF2E2F9E849E004F788B /* UltraKioskTests */ = {
			isa = PBXFileSystemSynchronizedRootGroup;
			path = UltraKioskTests;
			sourceTree = "<group>";
		};
/* End PBXFileSystemSynchronizedRootGroup section */

/* Begin PBXFrameworksBuildPhase section */
		802DF9AC2E6391500079EC75 /* Frameworks */ = {
			isa = PBXFrameworksBuildPhase;
			buildActionMask = 2147483647;
			files = (
				80A5915F2E66C9DC004BBBE0 /* CocoaMQTTWebSocket in Frameworks */,
				80A5915D2E66C9DC004BBBE0 /* CocoaMQTT in Frameworks */,
				8057283C2EB8C744003C0691 /* Porcupine in Frameworks */,
				80A591682E66D511004BBBE0 /* Starscream in Frameworks */,
			);
			runOnlyForDeploymentPostprocessing = 0;
		};
		AC83EF2A2F9E849E004F788B /* Frameworks */ = {
			isa = PBXFrameworksBuildPhase;
			buildActionMask = 2147483647;
			files = (
			);
			runOnlyForDeploymentPostprocessing = 0;
		};
/* End PBXFrameworksBuildPhase section */

/* Begin PBXGroup section */
		802DF9A62E6391500079EC75 = {
			isa = PBXGroup;
			children = (
				802DF9B12E6391500079EC75 /* UltraKiosk */,
				AC83EF2E2F9E849E004F788B /* UltraKioskTests */,
				802DF9B02E6391500079EC75 /* Products */,
			);
			sourceTree = "<group>";
		};
		802DF9B02E6391500079EC75 /* Products */ = {
			isa = PBXGroup;
			children = (
				802DF9AF2E6391500079EC75 /* UltraKiosk.app */,
				AC83EF2D2F9E849E004F788B /* UltraKioskTests.xctest */,
			);
			name = Products;
			sourceTree = "<group>";
		};
/* End PBXGroup section */

/* Begin PBXNativeTarget section */
		802DF9AE2E6391500079EC75 /* UltraKiosk */ = {
			isa = PBXNativeTarget;
			buildConfigurationList = 802DF9D02E6391500079EC75 /* Build configuration list for PBXNativeTarget "UltraKiosk" */;
			buildPhases = (
				802DF9AB2E6391500079EC75 /* Sources */,
				802DF9AC2E6391500079EC75 /* Frameworks */,
				802DF9AD2E6391500079EC75 /* Resources */,
			);
			buildRules = (
			);
			dependencies = (
			);
			fileSystemSynchronizedGroups = (
				802DF9B12E6391500079EC75 /* UltraKiosk */,
			);
			name = UltraKiosk;
			packageProductDependencies = (
				80A5915C2E66C9DC004BBBE0 /* CocoaMQTT */,
				80A5915E2E66C9DC004BBBE0 /* CocoaMQTTWebSocket */,
				80A591672E66D511004BBBE0 /* Starscream */,
				8057283B2EB8C744003C0691 /* Porcupine */,
			);
			productName = UltraKiosk;
			productReference = 802DF9AF2E6391500079EC75 /* UltraKiosk.app */;
			productType = "com.apple.product-type.application";
		};
		AC83EF2C2F9E849E004F788B /* UltraKioskTests */ = {
			isa = PBXNativeTarget;
			buildConfigurationList = AC83EF352F9E849E004F788B /* Build configuration list for PBXNativeTarget "UltraKioskTests" */;
			buildPhases = (
				AC83EF292F9E849E004F788B /* Sources */,
				AC83EF2A2F9E849E004F788B /* Frameworks */,
				AC83EF2B2F9E849E004F788B /* Resources */,
			);
			buildRules = (
			);
			dependencies = (
				AC83EF322F9E849E004F788B /* PBXTargetDependency */,
			);
			fileSystemSynchronizedGroups = (
				AC83EF2E2F9E849E004F788B /* UltraKioskTests */,
			);
			name = UltraKioskTests;
			packageProductDependencies = (
			);
			productName = UltraKioskTests;
			productReference = AC83EF2D2F9E849E004F788B /* UltraKioskTests.xctest */;
			productType = "com.apple.product-type.bundle.unit-test";
		};
/* End PBXNativeTarget section */

/* Begin PBXProject section */
		802DF9A72E6391500079EC75 /* Project object */ = {
			isa = PBXProject;
			attributes = {
				BuildIndependentTargetsInParallel = 1;
				LastSwiftUpdateCheck = 2630;
				LastUpgradeCheck = 2600;
				TargetAttributes = {
					802DF9AE2E6391500079EC75 = {
						CreatedOnToolsVersion = 16.4;
					};
					AC83EF2C2F9E849E004F788B = {
						CreatedOnToolsVersion = 26.3;
						TestTargetID = 802DF9AE2E6391500079EC75;
					};
				};
			};
			buildConfigurationList = 802DF9AA2E6391500079EC75 /* Build configuration list for PBXProject "UltraKiosk" */;
			developmentRegion = en;
			hasScannedForEncodings = 0;
			knownRegions = (
				en,
				Base,
			);
			mainGroup = 802DF9A62E6391500079EC75;
			minimizedProjectReferenceProxies = 1;
			packageReferences = (
				80A5915B2E66C9DC004BBBE0 /* XCRemoteSwiftPackageReference "CocoaMQTT" */,
				80A591662E66D511004BBBE0 /* XCRemoteSwiftPackageReference "Starscream" */,
				8057283A2EB8C744003C0691 /* XCRemoteSwiftPackageReference "porcupine" */,
			);
			preferredProjectObjectVersion = 77;
			productRefGroup = 802DF9B02E6391500079EC75 /* Products */;
			projectDirPath = "";
			projectRoot = "";
			targets = (
				802DF9AE2E6391500079EC75 /* UltraKiosk */,
				AC83EF2C2F9E849E004F788B /* UltraKioskTests */,
			);
		};
/* End PBXProject section */

/* Begin PBXResourcesBuildPhase section */
		802DF9AD2E6391500079EC75 /* Resources */ = {
			isa = PBXResourcesBuildPhase;
			buildActionMask = 2147483647;
			files = (
			);
			runOnlyForDeploymentPostprocessing = 0;
		};
		AC83EF2B2F9E849E004F788B /* Resources */ = {
			isa = PBXResourcesBuildPhase;
			buildActionMask = 2147483647;
			files = (
			);
			runOnlyForDeploymentPostprocessing = 0;
		};
/* End PBXResourcesBuildPhase section */

/* Begin PBXSourcesBuildPhase section */
		802DF9AB2E6391500079EC75 /* Sources */ = {
			isa = PBXSourcesBuildPhase;
			buildActionMask = 2147483647;
			files = (
			);
			runOnlyForDeploymentPostprocessing = 0;
		};
		AC83EF292F9E849E004F788B /* Sources */ = {
			isa = PBXSourcesBuildPhase;
			buildActionMask = 2147483647;
			files = (
			);
			runOnlyForDeploymentPostprocessing = 0;
		};
/* End PBXSourcesBuildPhase section */

/* Begin PBXTargetDependency section */
		AC83EF322F9E849E004F788B /* PBXTargetDependency */ = {
			isa = PBXTargetDependency;
			target = 802DF9AE2E6391500079EC75 /* UltraKiosk */;
			targetProxy = AC83EF312F9E849E004F788B /* PBXContainerItemProxy */;
		};
/* End PBXTargetDependency section */

/* Begin XCBuildConfiguration section */
		802DF9CE2E6391500079EC75 /* Debug */ = {
			isa = XCBuildConfiguration;
			buildSettings = {
				ALWAYS_SEARCH_USER_PATHS = NO;
				ASSETCATALOG_COMPILER_GENERATE_SWIFT_ASSET_SYMBOL_EXTENSIONS = YES;
				CLANG_ANALYZER_NONNULL = YES;
				CLANG_ANALYZER_NUMBER_OBJECT_CONVERSION = YES_AGGRESSIVE;
				CLANG_CXX_LANGUAGE_STANDARD = "gnu++20";
				CLANG_ENABLE_MODULES = YES;
				CLANG_ENABLE_OBJC_ARC = YES;
				CLANG_ENABLE_OBJC_WEAK = YES;
				CLANG_WARN_BLOCK_CAPTURE_AUTORELEASING = YES;
				CLANG_WARN_BOOL_CONVERSION = YES;
				CLANG_WARN_COMMA = YES;
				CLANG_WARN_CONSTANT_CONVERSION = YES;
				CLANG_WARN_DEPRECATED_OBJC_IMPLEMENTATIONS = YES;
				CLANG_WARN_DIRECT_OBJC_ISA_USAGE = YES_ERROR;
				CLANG_WARN_DOCUMENTATION_COMMENTS = YES;
				CLANG_WARN_EMPTY_BODY = YES;
				CLANG_WARN_ENUM_CONVERSION = YES;
				CLANG_WARN_INFINITE_RECURSION = YES;
				CLANG_WARN_INT_CONVERSION = YES;
				CLANG_WARN_NON_LITERAL_NULL_CONVERSION = YES;
				CLANG_WARN_OBJC_IMPLICIT_RETAIN_SELF = YES;
				CLANG_WARN_OBJC_LITERAL_CONVERSION = YES;
				CLANG_WARN_OBJC_ROOT_CLASS = YES_ERROR;
				CLANG_WARN_QUOTED_INCLUDE_IN_FRAMEWORK_HEADER = YES;
				CLANG_WARN_RANGE_LOOP_ANALYSIS = YES;
				CLANG_WARN_STRICT_PROTOTYPES = YES;
				CLANG_WARN_SUSPICIOUS_MOVE = YES;
				CLANG_WARN_UNGUARDED_AVAILABILITY = YES_AGGRESSIVE;
				CLANG_WARN_UNREACHABLE_CODE = YES;
				CLANG_WARN__DUPLICATE_METHOD_MATCH = YES;
				COPY_PHASE_STRIP = NO;
				DEBUG_INFORMATION_FORMAT = dwarf;
				DEVELOPMENT_TEAM = PUP5F535RV;
				ENABLE_STRICT_OBJC_MSGSEND = YES;
				ENABLE_TESTABILITY = YES;
				ENABLE_USER_SCRIPT_SANDBOXING = YES;
				GCC_C_LANGUAGE_STANDARD = gnu17;
				GCC_DYNAMIC_NO_PIC = NO;
				GCC_NO_COMMON_BLOCKS = YES;
				GCC_OPTIMIZATION_LEVEL = 0;
				GCC_PREPROCESSOR_DEFINITIONS = (
					"DEBUG=1",
					"$(inherited)",
				);
				GCC_WARN_64_TO_32_BIT_CONVERSION = YES;
				GCC_WARN_ABOUT_RETURN_TYPE = YES_ERROR;
				GCC_WARN_UNDECLARED_SELECTOR = YES;
				GCC_WARN_UNINITIALIZED_AUTOS = YES_AGGRESSIVE;
				GCC_WARN_UNUSED_FUNCTION = YES;
				GCC_WARN_UNUSED_VARIABLE = YES;
				INFOPLIST_FILE = "";
				IPHONEOS_DEPLOYMENT_TARGET = 14.0;
				LOCALIZATION_PREFERS_STRING_CATALOGS = YES;
				MTL_ENABLE_DEBUG_INFO = INCLUDE_SOURCE;
				MTL_FAST_MATH = YES;
				ONLY_ACTIVE_ARCH = YES;
				SDKROOT = iphoneos;
				STRING_CATALOG_GENERATE_SYMBOLS = YES;
				SWIFT_ACTIVE_COMPILATION_CONDITIONS = "DEBUG $(inherited)";
				SWIFT_OPTIMIZATION_LEVEL = "-Onone";
			};
			name = Debug;
		};
		802DF9CF2E6391500079EC75 /* Release */ = {
			isa = XCBuildConfiguration;
			buildSettings = {
				ALWAYS_SEARCH_USER_PATHS = NO;
				ASSETCATALOG_COMPILER_GENERATE_SWIFT_ASSET_SYMBOL_EXTENSIONS = YES;
				CLANG_ANALYZER_NONNULL = YES;
				CLANG_ANALYZER_NUMBER_OBJECT_CONVERSION = YES_AGGRESSIVE;
				CLANG_CXX_LANGUAGE_STANDARD = "gnu++20";
				CLANG_ENABLE_MODULES = YES;
				CLANG_ENABLE_OBJC_ARC = YES;
				CLANG_ENABLE_OBJC_WEAK = YES;
				CLANG_WARN_BLOCK_CAPTURE_AUTORELEASING = YES;
				CLANG_WARN_BOOL_CONVERSION = YES;
				CLANG_WARN_COMMA = YES;
				CLANG_WARN_CONSTANT_CONVERSION = YES;
				CLANG_WARN_DEPRECATED_OBJC_IMPLEMENTATIONS = YES;
				CLANG_WARN_DIRECT_OBJC_ISA_USAGE = YES_ERROR;
				CLANG_WARN_DOCUMENTATION_COMMENTS = YES;
				CLANG_WARN_EMPTY_BODY = YES;
				CLANG_WARN_ENUM_CONVERSION = YES;
				CLANG_WARN_INFINITE_RECURSION = YES;
				CLANG_WARN_INT_CONVERSION = YES;
				CLANG_WARN_NON_LITERAL_NULL_CONVERSION = YES;
				CLANG_WARN_OBJC_IMPLICIT_RETAIN_SELF = YES;
				CLANG_WARN_OBJC_LITERAL_CONVERSION = YES;
				CLANG_WARN_OBJC_ROOT_CLASS = YES_ERROR;
				CLANG_WARN_QUOTED_INCLUDE_IN_FRAMEWORK_HEADER = YES;
				CLANG_WARN_RANGE_LOOP_ANALYSIS = YES;
				CLANG_WARN_STRICT_PROTOTYPES = YES;
				CLANG_WARN_SUSPICIOUS_MOVE = YES;
				CLANG_WARN_UNGUARDED_AVAILABILITY = YES_AGGRESSIVE;
				CLANG_WARN_UNREACHABLE_CODE = YES;
				CLANG_WARN__DUPLICATE_METHOD_MATCH = YES;
				COPY_PHASE_STRIP = NO;
				DEBUG_INFORMATION_FORMAT = "dwarf-with-dsym";
				DEVELOPMENT_TEAM = PUP5F535RV;
				ENABLE_NS_ASSERTIONS = NO;
				ENABLE_STRICT_OBJC_MSGSEND = YES;
				ENABLE_USER_SCRIPT_SANDBOXING = YES;
				GCC_C_LANGUAGE_STANDARD = gnu17;
				GCC_NO_COMMON_BLOCKS = YES;
				GCC_WARN_64_TO_32_BIT_CONVERSION = YES;
				GCC_WARN_ABOUT_RETURN_TYPE = YES_ERROR;
				GCC_WARN_UNDECLARED_SELECTOR = YES;
				GCC_WARN_UNINITIALIZED_AUTOS = YES_AGGRESSIVE;
				GCC_WARN_UNUSED_FUNCTION = YES;
				GCC_WARN_UNUSED_VARIABLE = YES;
				INFOPLIST_FILE = "";
				IPHONEOS_DEPLOYMENT_TARGET = 14.0;
				LOCALIZATION_PREFERS_STRING_CATALOGS = YES;
				MTL_ENABLE_DEBUG_INFO = NO;
				MTL_FAST_MATH = YES;
				SDKROOT = iphoneos;
				STRING_CATALOG_GENERATE_SYMBOLS = YES;
				SWIFT_COMPILATION_MODE = wholemodule;
				VALIDATE_PRODUCT = YES;
			};
			name = Release;
		};
		802DF9D12E6391500079EC75 /* Debug */ = {
			isa = XCBuildConfiguration;
			buildSettings = {
				ASSETCATALOG_COMPILER_APPICON_NAME = AppIcon;
				ASSETCATALOG_COMPILER_GLOBAL_ACCENT_COLOR_NAME = AccentColor;
				CODE_SIGN_ENTITLEMENTS = UltraKiosk/UltraKiosk.entitlements;
				CODE_SIGN_STYLE = Automatic;
				CURRENT_PROJECT_VERSION = 1;
				DEVELOPMENT_TEAM = PUP5F535RV;
				ENABLE_PREVIEWS = YES;
				GENERATE_INFOPLIST_FILE = NO;
				INFOPLIST_FILE = UltraKiosk/Info.plist;
				INFOPLIST_KEY_UIApplicationSceneManifest_Generation = YES;
				INFOPLIST_KEY_UIApplicationSupportsIndirectInputEvents = YES;
				INFOPLIST_KEY_UILaunchScreen_Generation = YES;
				INFOPLIST_KEY_UISupportedInterfaceOrientations_iPad = "UIInterfaceOrientationPortrait UIInterfaceOrientationPortraitUpsideDown UIInterfaceOrientationLandscapeLeft UIInterfaceOrientationLandscapeRight";
				INFOPLIST_KEY_UISupportedInterfaceOrientations_iPhone = "UIInterfaceOrientationPortrait UIInterfaceOrientationLandscapeLeft UIInterfaceOrientationLandscapeRight";
				IPHONEOS_DEPLOYMENT_TARGET = 14.0;
				"IPHONEOS_DEPLOYMENT_TARGET[arch=*]" = 14.0;
				LD_RUNPATH_SEARCH_PATHS = (
					"$(inherited)",
					"@executable_path/Frameworks",
				);
				MARKETING_VERSION = 1.0;
				PRODUCT_BUNDLE_IDENTIFIER = de.mirkosertic.UltraKiosk3;
				PRODUCT_NAME = "$(TARGET_NAME)";
				SUPPORTED_PLATFORMS = "iphoneos iphonesimulator";
				SUPPORTS_MACCATALYST = NO;
				SUPPORTS_XR_DESIGNED_FOR_IPHONE_IPAD = NO;
				SWIFT_EMIT_LOC_STRINGS = YES;
				SWIFT_VERSION = 5.0;
				TARGETED_DEVICE_FAMILY = "1,2";
			};
			name = Debug;
		};
		802DF9D22E6391500079EC75 /* Release */ = {
			isa = XCBuildConfiguration;
			buildSettings = {
				ASSETCATALOG_COMPILER_APPICON_NAME = AppIcon;
				ASSETCATALOG_COMPILER_GLOBAL_ACCENT_COLOR_NAME = AccentColor;
				CODE_SIGN_ENTITLEMENTS = UltraKiosk/UltraKiosk.entitlements;
				CODE_SIGN_STYLE = Automatic;
				CURRENT_PROJECT_VERSION = 1;
				DEVELOPMENT_TEAM = PUP5F535RV;
				ENABLE_PREVIEWS = YES;
				GENERATE_INFOPLIST_FILE = NO;
				INFOPLIST_FILE = UltraKiosk/Info.plist;
				INFOPLIST_KEY_UIApplicationSceneManifest_Generation = YES;
				INFOPLIST_KEY_UIApplicationSupportsIndirectInputEvents = YES;
				INFOPLIST_KEY_UILaunchScreen_Generation = YES;
				INFOPLIST_KEY_UISupportedInterfaceOrientations_iPad = "UIInterfaceOrientationPortrait UIInterfaceOrientationPortraitUpsideDown UIInterfaceOrientationLandscapeLeft UIInterfaceOrientationLandscapeRight";
				INFOPLIST_KEY_UISupportedInterfaceOrientations_iPhone = "UIInterfaceOrientationPortrait UIInterfaceOrientationLandscapeLeft UIInterfaceOrientationLandscapeRight";
				IPHONEOS_DEPLOYMENT_TARGET = 14.0;
				"IPHONEOS_DEPLOYMENT_TARGET[arch=*]" = 14.0;
				LD_RUNPATH_SEARCH_PATHS = (
					"$(inherited)",
					"@executable_path/Frameworks",
				);
				MARKETING_VERSION = 1.0;
				PRODUCT_BUNDLE_IDENTIFIER = de.mirkosertic.UltraKiosk3;
				PRODUCT_NAME = "$(TARGET_NAME)";
				SUPPORTED_PLATFORMS = "iphoneos iphonesimulator";
				SUPPORTS_MACCATALYST = NO;
				SUPPORTS_XR_DESIGNED_FOR_IPHONE_IPAD = NO;
				SWIFT_EMIT_LOC_STRINGS = YES;
				SWIFT_VERSION = 5.0;
				TARGETED_DEVICE_FAMILY = "1,2";
			};
			name = Release;
		};
		AC83EF332F9E849E004F788B /* Debug */ = {
			isa = XCBuildConfiguration;
			buildSettings = {
				BUNDLE_LOADER = "$(TEST_HOST)";
				CODE_SIGN_STYLE = Automatic;
				CURRENT_PROJECT_VERSION = 1;
				DEVELOPMENT_TEAM = PUP5F535RV;
				GENERATE_INFOPLIST_FILE = YES;
				IPHONEOS_DEPLOYMENT_TARGET = 14.0;
				MARKETING_VERSION = 1.0;
				PRODUCT_BUNDLE_IDENTIFIER = de.mirkosertic.UltraKioskTests;
				PRODUCT_NAME = "$(TARGET_NAME)";
				STRING_CATALOG_GENERATE_SYMBOLS = NO;
				SUPPORTED_PLATFORMS = "iphoneos iphonesimulator";
				SUPPORTS_MACCATALYST = NO;
				SUPPORTS_MAC_DESIGNED_FOR_IPHONE_IPAD = YES;
				SUPPORTS_XR_DESIGNED_FOR_IPHONE_IPAD = NO;
				SWIFT_APPROACHABLE_CONCURRENCY = YES;
				SWIFT_EMIT_LOC_STRINGS = NO;
				SWIFT_UPCOMING_FEATURE_MEMBER_IMPORT_VISIBILITY = YES;
				SWIFT_VERSION = 5.0;
				TARGETED_DEVICE_FAMILY = "1,2";
				TEST_HOST = "$(BUILT_PRODUCTS_DIR)/UltraKiosk.app/$(BUNDLE_EXECUTABLE_FOLDER_PATH)/UltraKiosk";
			};
			name = Debug;
		};
		AC83EF342F9E849E004F788B /* Release */ = {
			isa = XCBuildConfiguration;
			buildSettings = {
				BUNDLE_LOADER = "$(TEST_HOST)";
				CODE_SIGN_STYLE = Automatic;
				CURRENT_PROJECT_VERSION = 1;
				DEVELOPMENT_TEAM = PUP5F535RV;
				GENERATE_INFOPLIST_FILE = YES;
				IPHONEOS_DEPLOYMENT_TARGET = 14.0;
				MARKETING_VERSION = 1.0;
				PRODUCT_BUNDLE_IDENTIFIER = de.mirkosertic.UltraKioskTests;
				PRODUCT_NAME = "$(TARGET_NAME)";
				STRING_CATALOG_GENERATE_SYMBOLS = NO;
				SUPPORTED_PLATFORMS = "iphoneos iphonesimulator";
				SUPPORTS_MACCATALYST = NO;
				SUPPORTS_MAC_DESIGNED_FOR_IPHONE_IPAD = YES;
				SUPPORTS_XR_DESIGNED_FOR_IPHONE_IPAD = NO;
				SWIFT_APPROACHABLE_CONCURRENCY = YES;
				SWIFT_EMIT_LOC_STRINGS = NO;
				SWIFT_UPCOMING_FEATURE_MEMBER_IMPORT_VISIBILITY = YES;
				SWIFT_VERSION = 5.0;
				TARGETED_DEVICE_FAMILY = "1,2";
				TEST_HOST = "$(BUILT_PRODUCTS_DIR)/UltraKiosk.app/$(BUNDLE_EXECUTABLE_FOLDER_PATH)/UltraKiosk";
			};
			name = Release;
		};
/* End XCBuildConfiguration section */

/* Begin XCConfigurationList section */
		802DF9AA2E6391500079EC75 /* Build configuration list for PBXProject "UltraKiosk" */ = {
			isa = XCConfigurationList;
			buildConfigurations = (
				802DF9CE2E6391500079EC75 /* Debug */,
				802DF9CF2E6391500079EC75 /* Release */,
			);
			defaultConfigurationIsVisible = 0;
			defaultConfigurationName = Release;
		};
		802DF9D02E6391500079EC75 /* Build configuration list for PBXNativeTarget "UltraKiosk" */ = {
			isa = XCConfigurationList;
			buildConfigurations = (
				802DF9D12E6391500079EC75 /* Debug */,
				802DF9D22E6391500079EC75 /* Release */,
			);
			defaultConfigurationIsVisible = 0;
			defaultConfigurationName = Release;
		};
		AC83EF352F9E849E004F788B /* Build configuration list for PBXNativeTarget "UltraKioskTests" */ = {
			isa = XCConfigurationList;
			buildConfigurations = (
				AC83EF332F9E849E004F788B /* Debug */,
				AC83EF342F9E849E004F788B /* Release */,
			);
			defaultConfigurationIsVisible = 0;
			defaultConfigurationName = Release;
		};
/* End XCConfigurationList section */

/* Begin XCRemoteSwiftPackageReference section */
		8057283A2EB8C744003C0691 /* XCRemoteSwiftPackageReference "porcupine" */ = {
			isa = XCRemoteSwiftPackageReference;
			repositoryURL = "https://github.com/Picovoice/porcupine.git";
			requirement = {
				kind = upToNextMajorVersion;
				minimumVersion = 3.0.4;
			};
		};
		80A5915B2E66C9DC004BBBE0 /* XCRemoteSwiftPackageReference "CocoaMQTT" */ = {
			isa = XCRemoteSwiftPackageReference;
			repositoryURL = "https://github.com/emqx/CocoaMQTT.git";
			requirement = {
				kind = exactVersion;
				version = 2.1.7;
			};
		};
		80A591662E66D511004BBBE0 /* XCRemoteSwiftPackageReference "Starscream" */ = {
			isa = XCRemoteSwiftPackageReference;
			repositoryURL = "https://github.com/daltoniam/Starscream.git";
			requirement = {
				kind = exactVersion;
				version = 4.0.6;
			};
		};
/* End XCRemoteSwiftPackageReference section */

/* Begin XCSwiftPackageProductDependency section */
		8057283B2EB8C744003C0691 /* Porcupine */ = {
			isa = XCSwiftPackageProductDependency;
			package = 8057283A2EB8C744003C0691 /* XCRemoteSwiftPackageReference "porcupine" */;
			productName = Porcupine;
		};
		80A5915C2E66C9DC004BBBE0 /* CocoaMQTT */ = {
			isa = XCSwiftPackageProductDependency;
			package = 80A5915B2E66C9DC004BBBE0 /* XCRemoteSwiftPackageReference "CocoaMQTT" */;
			productName = CocoaMQTT;
		};
		80A5915E2E66C9DC004BBBE0 /* CocoaMQTTWebSocket */ = {
			isa = XCSwiftPackageProductDependency;
			package = 80A5915B2E66C9DC004BBBE0 /* XCRemoteSwiftPackageReference "CocoaMQTT" */;
			productName = CocoaMQTTWebSocket;
		};
		80A591672E66D511004BBBE0 /* Starscream */ = {
			isa = XCSwiftPackageProductDependency;
			package = 80A591662E66D511004BBBE0 /* XCRemoteSwiftPackageReference "Starscream" */;
			productName = Starscream;
		};
/* End XCSwiftPackageProductDependency section */
	};
	rootObject = 802DF9A72E6391500079EC75 /* Project object */;
}
